{
  "name": "@kudoai/ai-personas",
  "version": "1.0.0",
  "lockfileVersion": 3,
  "requires": true,
  "packages": {
    "": {
      "name": "@kudoai/ai-personas",
      "version": "1.0.0",
      "funding": [
        {
          "type": "github",
          "url": "http://github.com/sponsors/KudoAI"
        }
      ],
      "license": "MIT"
    }
  }
}
